
Microsoft Visual Studio Solution File, Format Version 12.00
# Visual Studio Version 17
VisualStudioVersion = 17.11.35303.130
MinimumVisualStudioVersion = 10.0.40219.1
Project("{2150E333-8FDC-42A3-9474-1A3956D46DE8}") = "Task0", "Task0", "{12F7612C-E795-4A94-92B5-E9D18D0C3173}"
EndProject
Project("{FAE04EC0-301F-11D3-BF4B-00C04F79EFBC}") = "Tyuiu.VasilevNV.Sprint4.Task0.V4.Lib", "Tyuiu.VasilevNV.Sprint4.Task0.V4.Lib\Tyuiu.VasilevNV.Sprint4.Task0.V4.Lib.csproj", "{2BB4AAB8-CC40-489B-82BB-E0AFAB781CB2}"
EndProject
Project("{FAE04EC0-301F-11D3-BF4B-00C04F79EFBC}") = "Tyuiu.VasilevNV.Sprint4.Task0.V4", "Tyuiu.VasilevNV.Sprint4.Task0.V4\Tyuiu.VasilevNV.Sprint4.Task0.V4.csproj", "{22275821-EDDE-48CB-B52E-656CC610DCEA}"
EndProject
Project("{FAE04EC0-301F-11D3-BF4B-00C04F79EFBC}") = "Tyuiu.VasilevNV.Sprint4.Task0.V4.Test", "Tyuiu.VasilevNV.Sprint4.Task0.V4.Test\Tyuiu.VasilevNV.Sprint4.Task0.V4.Test.csproj", "{0B72787A-374E-4684-993D-554AC4E30971}"
EndProject
Project("{FAE04EC0-301F-11D3-BF4B-00C04F79EFBC}") = "Tyuiu.VasilevNV.Sprint4.Task1.V8.Lib", "Tyuiu.VasilevNV.Sprint4.Task1.V8.Lib\Tyuiu.VasilevNV.Sprint4.Task1.V8.Lib.csproj", "{66D67E77-9A4F-447B-9E45-95792B1DA781}"
EndProject
Project("{FAE04EC0-301F-11D3-BF4B-00C04F79EFBC}") = "Tyuiu.VasilevNV.Sprint4.Task1.V8", "Tyuiu.VasilevNV.Sprint4.Task1.V8\Tyuiu.VasilevNV.Sprint4.Task1.V8.csproj", "{C29CE972-DF9F-447A-ABFC-F143ADDA2ED1}"
EndProject
Project("{2150E333-8FDC-42A3-9474-1A3956D46DE8}") = "Task1", "Task1", "{511EDCB1-0DAF-4710-BB8C-0ECD5546ABC2}"
EndProject
Project("{FAE04EC0-301F-11D3-BF4B-00C04F79EFBC}") = "Tyuiu.VasilevNV.Sprint4.Task1.V8.Test", "Tyuiu.VasilevNV.Sprint4.Task1.V8.Test\Tyuiu.VasilevNV.Sprint4.Task1.V8.Test.csproj", "{34F13858-3466-40F0-AD55-43D49AD28DB6}"
EndProject
Project("{FAE04EC0-301F-11D3-BF4B-00C04F79EFBC}") = "Tyuiu.VasilevNV.Sprint4.Task2.V2.Lib", "Tyuiu.VasilevNV.Sprint4.Task2.V2.Lib\Tyuiu.VasilevNV.Sprint4.Task2.V2.Lib.csproj", "{F700D3E3-DC2F-4922-93EF-442C29B50871}"
EndProject
Project("{2150E333-8FDC-42A3-9474-1A3956D46DE8}") = "Task2", "Task2", "{77B6E277-6195-403B-844B-096C1AB55C95}"
EndProject
Project("{FAE04EC0-301F-11D3-BF4B-00C04F79EFBC}") = "Tyuiu.VasilevNV.Sprint4.Task2.V2", "Tyuiu.VasilevNV.Sprint4.Task2.V2\Tyuiu.VasilevNV.Sprint4.Task2.V2.csproj", "{136FFAA7-E5C6-4C97-B54F-6F7EA083688F}"
EndProject
Project("{FAE04EC0-301F-11D3-BF4B-00C04F79EFBC}") = "Tyuiu.VasilevNV.Sprint4.Task2.V2.Test", "Tyuiu.VasilevNV.Sprint4.Task2.V2.Test\Tyuiu.VasilevNV.Sprint4.Task2.V2.Test.csproj", "{C264D71D-8D68-44DF-BB89-5DF73B348DC4}"
EndProject
Global
	GlobalSection(SolutionConfigurationPlatforms) = preSolution
		Debug|Any CPU = Debug|Any CPU
		Release|Any CPU = Release|Any CPU
	EndGlobalSection
	GlobalSection(ProjectConfigurationPlatforms) = postSolution
		{2BB4AAB8-CC40-489B-82BB-E0AFAB781CB2}.Debug|Any CPU.ActiveCfg = Debug|Any CPU
		{2BB4AAB8-CC40-489B-82BB-E0AFAB781CB2}.Debug|Any CPU.Build.0 = Debug|Any CPU
		{2BB4AAB8-CC40-489B-82BB-E0AFAB781CB2}.Release|Any CPU.ActiveCfg = Release|Any CPU
		{2BB4AAB8-CC40-489B-82BB-E0AFAB781CB2}.Release|Any CPU.Build.0 = Release|Any CPU
		{22275821-EDDE-48CB-B52E-656CC610DCEA}.Debug|Any CPU.ActiveCfg = Debug|Any CPU
		{22275821-EDDE-48CB-B52E-656CC610DCEA}.Debug|Any CPU.Build.0 = Debug|Any CPU
		{22275821-EDDE-48CB-B52E-656CC610DCEA}.Release|Any CPU.ActiveCfg = Release|Any CPU
		{22275821-EDDE-48CB-B52E-656CC610DCEA}.Release|Any CPU.Build.0 = Release|Any CPU
		{0B72787A-374E-4684-993D-554AC4E30971}.Debug|Any CPU.ActiveCfg = Debug|Any CPU
		{0B72787A-374E-4684-993D-554AC4E30971}.Debug|Any CPU.Build.0 = Debug|Any CPU
		{0B72787A-374E-4684-993D-554AC4E30971}.Release|Any CPU.ActiveCfg = Release|Any CPU
		{0B72787A-374E-4684-993D-554AC4E30971}.Release|Any CPU.Build.0 = Release|Any CPU
		{66D67E77-9A4F-447B-9E45-95792B1DA781}.Debug|Any CPU.ActiveCfg = Debug|Any CPU
		{66D67E77-9A4F-447B-9E45-95792B1DA781}.Debug|Any CPU.Build.0 = Debug|Any CPU
		{66D67E77-9A4F-447B-9E45-95792B1DA781}.Release|Any CPU.ActiveCfg = Release|Any CPU
		{66D67E77-9A4F-447B-9E45-95792B1DA781}.Release|Any CPU.Build.0 = Release|Any CPU
		{C29CE972-DF9F-447A-ABFC-F143ADDA2ED1}.Debug|Any CPU.ActiveCfg = Debug|Any CPU
		{C29CE972-DF9F-447A-ABFC-F143ADDA2ED1}.Debug|Any CPU.Build.0 = Debug|Any CPU
		{C29CE972-DF9F-447A-ABFC-F143ADDA2ED1}.Release|Any CPU.ActiveCfg = Release|Any CPU
		{C29CE972-DF9F-447A-ABFC-F143ADDA2ED1}.Release|Any CPU.Build.0 = Release|Any CPU
		{34F13858-3466-40F0-AD55-43D49AD28DB6}.Debug|Any CPU.ActiveCfg = Debug|Any CPU
		{34F13858-3466-40F0-AD55-43D49AD28DB6}.Debug|Any CPU.Build.0 = Debug|Any CPU
		{34F13858-3466-40F0-AD55-43D49AD28DB6}.Release|Any CPU.ActiveCfg = Release|Any CPU
		{34F13858-3466-40F0-AD55-43D49AD28DB6}.Release|Any CPU.Build.0 = Release|Any CPU
		{F700D3E3-DC2F-4922-93EF-442C29B50871}.Debug|Any CPU.ActiveCfg = Debug|Any CPU
		{F700D3E3-DC2F-4922-93EF-442C29B50871}.Debug|Any CPU.Build.0 = Debug|Any CPU
		{F700D3E3-DC2F-4922-93EF-442C29B50871}.Release|Any CPU.ActiveCfg = Release|Any CPU
		{F700D3E3-DC2F-4922-93EF-442C29B50871}.Release|Any CPU.Build.0 = Release|Any CPU
		{136FFAA7-E5C6-4C97-B54F-6F7EA083688F}.Debug|Any CPU.ActiveCfg = Debug|Any CPU
		{136FFAA7-E5C6-4C97-B54F-6F7EA083688F}.Debug|Any CPU.Build.0 = Debug|Any CPU
		{136FFAA7-E5C6-4C97-B54F-6F7EA083688F}.Release|Any CPU.ActiveCfg = Release|Any CPU
		{136FFAA7-E5C6-4C97-B54F-6F7EA083688F}.Release|Any CPU.Build.0 = Release|Any CPU
		{C264D71D-8D68-44DF-BB89-5DF73B348DC4}.Debug|Any CPU.ActiveCfg = Debug|Any CPU
		{C264D71D-8D68-44DF-BB89-5DF73B348DC4}.Debug|Any CPU.Build.0 = Debug|Any CPU
		{C264D71D-8D68-44DF-BB89-5DF73B348DC4}.Release|Any CPU.ActiveCfg = Release|Any CPU
		{C264D71D-8D68-44DF-BB89-5DF73B348DC4}.Release|Any CPU.Build.0 = Release|Any CPU
	EndGlobalSection
	GlobalSection(SolutionProperties) = preSolution
		HideSolutionNode = FALSE
	EndGlobalSection
	GlobalSection(NestedProjects) = preSolution
		{2BB4AAB8-CC40-489B-82BB-E0AFAB781CB2} = {12F7612C-E795-4A94-92B5-E9D18D0C3173}
		{22275821-EDDE-48CB-B52E-656CC610DCEA} = {12F7612C-E795-4A94-92B5-E9D18D0C3173}
		{0B72787A-374E-4684-993D-554AC4E30971} = {12F7612C-E795-4A94-92B5-E9D18D0C3173}
		{66D67E77-9A4F-447B-9E45-95792B1DA781} = {511EDCB1-0DAF-4710-BB8C-0ECD5546ABC2}
		{C29CE972-DF9F-447A-ABFC-F143ADDA2ED1} = {511EDCB1-0DAF-4710-BB8C-0ECD5546ABC2}
		{34F13858-3466-40F0-AD55-43D49AD28DB6} = {511EDCB1-0DAF-4710-BB8C-0ECD5546ABC2}
		{F700D3E3-DC2F-4922-93EF-442C29B50871} = {77B6E277-6195-403B-844B-096C1AB55C95}
		{136FFAA7-E5C6-4C97-B54F-6F7EA083688F} = {77B6E277-6195-403B-844B-096C1AB55C95}
		{C264D71D-8D68-44DF-BB89-5DF73B348DC4} = {77B6E277-6195-403B-844B-096C1AB55C95}
	EndGlobalSection
	GlobalSection(ExtensibilityGlobals) = postSolution
		SolutionGuid = {47CFA6D5-31EC-4769-89FF-D81D323BECA9}
	EndGlobalSection
EndGlobal
