
Microsoft Visual Studio Solution File, Format Version 12.00
# Visual Studio Version 17
VisualStudioVersion = 17.11.35303.130
MinimumVisualStudioVersion = 10.0.40219.1
Project("{2150E333-8FDC-42A3-9474-1A3956D46DE8}") = "Task0", "Task0", "{12F7612C-E795-4A94-92B5-E9D18D0C3173}"
EndProject
Project("{FAE04EC0-301F-11D3-BF4B-00C04F79EFBC}") = "Tyuiu.VasilevNV.Sprint4.Task0.V4.Lib", "Tyuiu.VasilevNV.Sprint4.Task0.V4.Lib\Tyuiu.VasilevNV.Sprint4.Task0.V4.Lib.csproj", "{2BB4AAB8-CC40-489B-82BB-E0AFAB781CB2}"
EndProject
Project("{FAE04EC0-301F-11D3-BF4B-00C04F79EFBC}") = "Tyuiu.VasilevNV.Sprint4.Task0.V4", "Tyuiu.VasilevNV.Sprint4.Task0.V4\Tyuiu.VasilevNV.Sprint4.Task0.V4.csproj", "{22275821-EDDE-48CB-B52E-656CC610DCEA}"
EndProject
Project("{FAE04EC0-301F-11D3-BF4B-00C04F79EFBC}") = "Tyuiu.VasilevNV.Sprint4.Task0.V4.Test", "Tyuiu.VasilevNV.Sprint4.Task0.V4.Test\Tyuiu.VasilevNV.Sprint4.Task0.V4.Test.csproj", "{0B72787A-374E-4684-993D-554AC4E30971}"
EndProject
Project("{FAE04EC0-301F-11D3-BF4B-00C04F79EFBC}") = "Tyuiu.VasilevNV.Sprint4.Task1.V8.Lib", "Tyuiu.VasilevNV.Sprint4.Task1.V8.Lib\Tyuiu.VasilevNV.Sprint4.Task1.V8.Lib.csproj", "{66D67E77-9A4F-447B-9E45-95792B1DA781}"
EndProject
Project("{FAE04EC0-301F-11D3-BF4B-00C04F79EFBC}") = "Tyuiu.VasilevNV.Sprint4.Task1.V8", "Tyuiu.VasilevNV.Sprint4.Task1.V8\Tyuiu.VasilevNV.Sprint4.Task1.V8.csproj", "{C29CE972-DF9F-447A-ABFC-F143ADDA2ED1}"
EndProject
Project("{2150E333-8FDC-42A3-9474-1A3956D46DE8}") = "Task1", "Task1", "{511EDCB1-0DAF-4710-BB8C-0ECD5546ABC2}"
EndProject
Project("{FAE04EC0-301F-11D3-BF4B-00C04F79EFBC}") = "Tyuiu.VasilevNV.Sprint4.Task1.V8.Test", "Tyuiu.VasilevNV.Sprint4.Task1.V8.Test\Tyuiu.VasilevNV.Sprint4.Task1.V8.Test.csproj", "{34F13858-3466-40F0-AD55-43D49AD28DB6}"
EndProject
Global
	GlobalSection(SolutionConfigurationPlatforms) = preSolution
		Debug|Any CPU = Debug|Any CPU
		Release|Any CPU = Release|Any CPU
	EndGlobalSection
	GlobalSection(ProjectConfigurationPlatforms) = postSolution
		{2BB4AAB8-CC40-489B-82BB-E0AFAB781CB2}.Debug|Any CPU.ActiveCfg = Debug|Any CPU
		{2BB4AAB8-CC40-489B-82BB-E0AFAB781CB2}.Debug|Any CPU.Build.0 = Debug|Any CPU
		{2BB4AAB8-CC40-489B-82BB-E0AFAB781CB2}.Release|Any CPU.ActiveCfg = Release|Any CPU
		{2BB4AAB8-CC40-489B-82BB-E0AFAB781CB2}.Release|Any CPU.Build.0 = Release|Any CPU
		{22275821-EDDE-48CB-B52E-656CC610DCEA}.Debug|Any CPU.ActiveCfg = Debug|Any CPU
		{22275821-EDDE-48CB-B52E-656CC610DCEA}.Debug|Any CPU.Build.0 = Debug|Any CPU
		{22275821-EDDE-48CB-B52E-656CC610DCEA}.Release|Any CPU.ActiveCfg = Release|Any CPU
		{22275821-EDDE-48CB-B52E-656CC610DCEA}.Release|Any CPU.Build.0 = Release|Any CPU
		{0B72787A-374E-4684-993D-554AC4E30971}.Debug|Any CPU.ActiveCfg = Debug|Any CPU
		{0B72787A-374E-4684-993D-554AC4E30971}.Debug|Any CPU.Build.0 = Debug|Any CPU
		{0B72787A-374E-4684-993D-554AC4E30971}.Release|Any CPU.ActiveCfg = Release|Any CPU
		{0B72787A-374E-4684-993D-554AC4E30971}.Release|Any CPU.Build.0 = Release|Any CPU
		{66D67E77-9A4F-447B-9E45-95792B1DA781}.Debug|Any CPU.ActiveCfg = Debug|Any CPU
		{66D67E77-9A4F-447B-9E45-95792B1DA781}.Debug|Any CPU.Build.0 = Debug|Any CPU
		{66D67E77-9A4F-447B-9E45-95792B1DA781}.Release|Any CPU.ActiveCfg = Release|Any CPU
		{66D67E77-9A4F-447B-9E45-95792B1DA781}.Release|Any CPU.Build.0 = Release|Any CPU
		{C29CE972-DF9F-447A-ABFC-F143ADDA2ED1}.Debug|Any CPU.ActiveCfg = Debug|Any CPU
		{C29CE972-DF9F-447A-ABFC-F143ADDA2ED1}.Debug|Any CPU.Build.0 = Debug|Any CPU
		{C29CE972-DF9F-447A-ABFC-F143ADDA2ED1}.Release|Any CPU.ActiveCfg = Release|Any CPU
		{C29CE972-DF9F-447A-ABFC-F143ADDA2ED1}.Release|Any CPU.Build.0 = Release|Any CPU
		{34F13858-3466-40F0-AD55-43D49AD28DB6}.Debug|Any CPU.ActiveCfg = Debug|Any CPU
		{34F13858-3466-40F0-AD55-43D49AD28DB6}.Debug|Any CPU.Build.0 = Debug|Any CPU
		{34F13858-3466-40F0-AD55-43D49AD28DB6}.Release|Any CPU.ActiveCfg = Release|Any CPU
		{34F13858-3466-40F0-AD55-43D49AD28DB6}.Release|Any CPU.Build.0 = Release|Any CPU
	EndGlobalSection
	GlobalSection(SolutionProperties) = preSolution
		HideSolutionNode = FALSE
	EndGlobalSection
	GlobalSection(NestedProjects) = preSolution
		{2BB4AAB8-CC40-489B-82BB-E0AFAB781CB2} = {12F7612C-E795-4A94-92B5-E9D18D0C3173}
		{22275821-EDDE-48CB-B52E-656CC610DCEA} = {12F7612C-E795-4A94-92B5-E9D18D0C3173}
		{0B72787A-374E-4684-993D-554AC4E30971} = {12F7612C-E795-4A94-92B5-E9D18D0C3173}
		{66D67E77-9A4F-447B-9E45-95792B1DA781} = {511EDCB1-0DAF-4710-BB8C-0ECD5546ABC2}
		{C29CE972-DF9F-447A-ABFC-F143ADDA2ED1} = {511EDCB1-0DAF-4710-BB8C-0ECD5546ABC2}
		{34F13858-3466-40F0-AD55-43D49AD28DB6} = {511EDCB1-0DAF-4710-BB8C-0ECD5546ABC2}
	EndGlobalSection
	GlobalSection(ExtensibilityGlobals) = postSolution
		SolutionGuid = {47CFA6D5-31EC-4769-89FF-D81D323BECA9}
	EndGlobalSection
EndGlobal
