
Microsoft Visual Studio Solution File, Format Version 12.00
# Visual Studio Version 17
VisualStudioVersion = 17.11.35303.130
MinimumVisualStudioVersion = 10.0.40219.1
Project("{2150E333-8FDC-42A3-9474-1A3956D46DE8}") = "Task0", "Task0", "{12F7612C-E795-4A94-92B5-E9D18D0C3173}"
EndProject
Project("{9A19103F-16F7-4668-BE54-9A1E7A4F7556}") = "Tyuiu.VasilevNV.Sprint4.Task0.V4.Lib", "Tyuiu.VasilevNV.Sprint4.Task0.V4.Lib\Tyuiu.VasilevNV.Sprint4.Task0.V4.Lib.csproj", "{2BB4AAB8-CC40-489B-82BB-E0AFAB781CB2}"
EndProject
Project("{9A19103F-16F7-4668-BE54-9A1E7A4F7556}") = "Tyuiu.VasilevNV.Sprint4.Task0.V4", "Tyuiu.VasilevNV.Sprint4.Task0.V4\Tyuiu.VasilevNV.Sprint4.Task0.V4.csproj", "{22275821-EDDE-48CB-B52E-656CC610DCEA}"
EndProject
Project("{9A19103F-16F7-4668-BE54-9A1E7A4F7556}") = "Tyuiu.VasilevNV.Sprint4.Task0.V4.Test", "Tyuiu.VasilevNV.Sprint4.Task0.V4.Test\Tyuiu.VasilevNV.Sprint4.Task0.V4.Test.csproj", "{0B72787A-374E-4684-993D-554AC4E30971}"
EndProject
Project("{9A19103F-16F7-4668-BE54-9A1E7A4F7556}") = "Tyuiu.VasilevNV.Sprint4.Task1.V8.Lib", "Tyuiu.VasilevNV.Sprint4.Task1.V8.Lib\Tyuiu.VasilevNV.Sprint4.Task1.V8.Lib.csproj", "{66D67E77-9A4F-447B-9E45-95792B1DA781}"
EndProject
Project("{9A19103F-16F7-4668-BE54-9A1E7A4F7556}") = "Tyuiu.VasilevNV.Sprint4.Task1.V8", "Tyuiu.VasilevNV.Sprint4.Task1.V8\Tyuiu.VasilevNV.Sprint4.Task1.V8.csproj", "{C29CE972-DF9F-447A-ABFC-F143ADDA2ED1}"
EndProject
Project("{2150E333-8FDC-42A3-9474-1A3956D46DE8}") = "Task1", "Task1", "{511EDCB1-0DAF-4710-BB8C-0ECD5546ABC2}"
EndProject
Project("{9A19103F-16F7-4668-BE54-9A1E7A4F7556}") = "Tyuiu.VasilevNV.Sprint4.Task1.V8.Test", "Tyuiu.VasilevNV.Sprint4.Task1.V8.Test\Tyuiu.VasilevNV.Sprint4.Task1.V8.Test.csproj", "{34F13858-3466-40F0-AD55-43D49AD28DB6}"
EndProject
Project("{9A19103F-16F7-4668-BE54-9A1E7A4F7556}") = "Tyuiu.VasilevNV.Sprint4.Task2.V2.Lib", "Tyuiu.VasilevNV.Sprint4.Task2.V2.Lib\Tyuiu.VasilevNV.Sprint4.Task2.V2.Lib.csproj", "{F700D3E3-DC2F-4922-93EF-442C29B50871}"
EndProject
Project("{2150E333-8FDC-42A3-9474-1A3956D46DE8}") = "Task2", "Task2", "{77B6E277-6195-403B-844B-096C1AB55C95}"
EndProject
Project("{9A19103F-16F7-4668-BE54-9A1E7A4F7556}") = "Tyuiu.VasilevNV.Sprint4.Task2.V2", "Tyuiu.VasilevNV.Sprint4.Task2.V2\Tyuiu.VasilevNV.Sprint4.Task2.V2.csproj", "{136FFAA7-E5C6-4C97-B54F-6F7EA083688F}"
EndProject
Project("{9A19103F-16F7-4668-BE54-9A1E7A4F7556}") = "Tyuiu.VasilevNV.Sprint4.Task2.V2.Test", "Tyuiu.VasilevNV.Sprint4.Task2.V2.Test\Tyuiu.VasilevNV.Sprint4.Task2.V2.Test.csproj", "{C264D71D-8D68-44DF-BB89-5DF73B348DC4}"
EndProject
Project("{2150E333-8FDC-42A3-9474-1A3956D46DE8}") = "Task3", "Task3", "{CB5586ED-8F25-485E-A78A-3F871E169174}"
EndProject
Project("{9A19103F-16F7-4668-BE54-9A1E7A4F7556}") = "Tyuiu.VasilevNV.Sprint4.Task3.V6.Lib", "Tyuiu.VasilevNV.Sprint4.Task3.V6.Lib\Tyuiu.VasilevNV.Sprint4.Task3.V6.Lib.csproj", "{064719BB-CB81-430B-AB53-A5DF8C2FBAF6}"
EndProject
Project("{9A19103F-16F7-4668-BE54-9A1E7A4F7556}") = "Tyuiu.VasilevNV.Sprint4.Task3.V6", "Tyuiu.VasilevNV.Sprint4.Task3.V6\Tyuiu.VasilevNV.Sprint4.Task3.V6.csproj", "{2605FF0E-5B9F-403F-A8D1-6EBDE4D27AA0}"
EndProject
Project("{9A19103F-16F7-4668-BE54-9A1E7A4F7556}") = "Tyuiu.VasilevNV.Sprint4.Task3.V6.Test", "Tyuiu.VasilevNV.Sprint4.Task3.V6.Test\Tyuiu.VasilevNV.Sprint4.Task3.V6.Test.csproj", "{06340838-D56E-4154-80C4-0E9C0452BDFF}"
EndProject
Project("{2150E333-8FDC-42A3-9474-1A3956D46DE8}") = "Task4", "Task4", "{A143BCE3-CF33-4255-BF7E-523EBC3555D0}"
EndProject
Project("{9A19103F-16F7-4668-BE54-9A1E7A4F7556}") = "Tyuiu.VasilevNV.Sprint4.Task4.V17.Lib", "Tyuiu.VasilevNV.Sprint4.Task4.V17.Lib\Tyuiu.VasilevNV.Sprint4.Task4.V17.Lib.csproj", "{B40D6597-9CF4-46DD-91A7-08BD5EF30C8C}"
EndProject
Project("{9A19103F-16F7-4668-BE54-9A1E7A4F7556}") = "Tyuiu.VasilevNV.Sprint4.Task4.V17", "Tyuiu.VasilevNV.Sprint4.Task4.V17\Tyuiu.VasilevNV.Sprint4.Task4.V17.csproj", "{39143788-38B7-46F1-94E9-F262F699FE35}"
EndProject
Project("{9A19103F-16F7-4668-BE54-9A1E7A4F7556}") = "Tyuiu.VasilevNV.Sprint4.Task4.V17.Test", "Tyuiu.VasilevNV.Sprint4.Task4.V17.Test\Tyuiu.VasilevNV.Sprint4.Task4.V17.Test.csproj", "{B37C9A23-83FE-4102-9D61-C1B6FF37DEA1}"
EndProject
Project("{2150E333-8FDC-42A3-9474-1A3956D46DE8}") = "Task5", "Task5", "{CE090C41-E5FE-4D8F-8211-34F9F7AF2133}"
EndProject
Project("{9A19103F-16F7-4668-BE54-9A1E7A4F7556}") = "Tyuiu.VasilevNV.Sprint4.Task5.V9.Lib", "Tyuiu.VasilevNV.Sprint4.Task5.V9.Lib\Tyuiu.VasilevNV.Sprint4.Task5.V9.Lib.csproj", "{3475ED81-030D-4597-A1DA-6DA6AF444545}"
EndProject
Project("{9A19103F-16F7-4668-BE54-9A1E7A4F7556}") = "Tyuiu.VasilevNV.Sprint4.Task5.V9", "Tyuiu.VasilevNV.Sprint4.Task5.V9\Tyuiu.VasilevNV.Sprint4.Task5.V9.csproj", "{0F72CE3D-1A45-4281-955F-CF7692A28493}"
EndProject
Project("{9A19103F-16F7-4668-BE54-9A1E7A4F7556}") = "Tyuiu.VasilevNV.Sprint4.Task5.V9.Test", "Tyuiu.VasilevNV.Sprint4.Task5.V9.Test\Tyuiu.VasilevNV.Sprint4.Task5.V9.Test.csproj", "{D49C8F7A-23F0-4365-9DA6-F4EF49FCFBB4}"
EndProject
Project("{2150E333-8FDC-42A3-9474-1A3956D46DE8}") = "Task6", "Task6", "{09DABE6B-7084-42C6-B6DF-A5C22E189303}"
EndProject
Project("{9A19103F-16F7-4668-BE54-9A1E7A4F7556}") = "Tyuiu.VasilevNV.Sprint4.Task6.V5.Lib", "Tyuiu.VasilevNV.Sprint4.Task6.V5.Lib\Tyuiu.VasilevNV.Sprint4.Task6.V5.Lib.csproj", "{EC6C4963-DACB-494A-B986-5FA6E7930436}"
EndProject
Project("{9A19103F-16F7-4668-BE54-9A1E7A4F7556}") = "Tyuiu.VasilevNV.Sprint4.Task6.V5", "Tyuiu.VasilevNV.Sprint4.Task6.V5\Tyuiu.VasilevNV.Sprint4.Task6.V5.csproj", "{CDB4161F-CC5B-4732-845A-EB9555CB1D08}"
EndProject
Project("{9A19103F-16F7-4668-BE54-9A1E7A4F7556}") = "Tyuiu.VasilevNV.Sprint4.Task6.V5.Test", "Tyuiu.VasilevNV.Sprint4.Task6.V5.Test\Tyuiu.VasilevNV.Sprint4.Task6.V5.Test.csproj", "{93C7ED6D-6211-4711-9AE0-BADA5F252C1B}"
EndProject
Project("{2150E333-8FDC-42A3-9474-1A3956D46DE8}") = "Task7", "Task7", "{20A18FEA-EDDA-465F-A1E9-4508EB1B9ED7}"
EndProject
Project("{FAE04EC0-301F-11D3-BF4B-00C04F79EFBC}") = "Tyuiu.VasilevNV.Sprint4.Task7.V13.Lib", "Tyuiu.VasilevNV.Sprint4.Task7.V13.Lib\Tyuiu.VasilevNV.Sprint4.Task7.V13.Lib.csproj", "{4993806B-5FD3-4737-A269-6ADB75DDDF87}"
EndProject
Project("{FAE04EC0-301F-11D3-BF4B-00C04F79EFBC}") = "Tyuiu.VasilevNV.Sprint4.Task7.V13.Test", "Tyuiu.VasilevNV.Sprint4.Task7.V13.Test\Tyuiu.VasilevNV.Sprint4.Task7.V13.Test.csproj", "{B0A592DC-217C-4A5C-AE65-5499B6FA8C10}"
EndProject
Project("{FAE04EC0-301F-11D3-BF4B-00C04F79EFBC}") = "Tyuiu.VasilevNV.Sprint4.Task7.V13", "Tyuiu.VasilevNV.Sprint4.Task7.V13\Tyuiu.VasilevNV.Sprint4.Task7.V13.csproj", "{C4570517-0A64-488C-ACB2-F58E51EF2846}"
EndProject
Global
	GlobalSection(SolutionConfigurationPlatforms) = preSolution
		Debug|Any CPU = Debug|Any CPU
		Release|Any CPU = Release|Any CPU
	EndGlobalSection
	GlobalSection(ProjectConfigurationPlatforms) = postSolution
		{2BB4AAB8-CC40-489B-82BB-E0AFAB781CB2}.Debug|Any CPU.ActiveCfg = Debug|Any CPU
		{2BB4AAB8-CC40-489B-82BB-E0AFAB781CB2}.Debug|Any CPU.Build.0 = Debug|Any CPU
		{2BB4AAB8-CC40-489B-82BB-E0AFAB781CB2}.Release|Any CPU.ActiveCfg = Release|Any CPU
		{2BB4AAB8-CC40-489B-82BB-E0AFAB781CB2}.Release|Any CPU.Build.0 = Release|Any CPU
		{22275821-EDDE-48CB-B52E-656CC610DCEA}.Debug|Any CPU.ActiveCfg = Debug|Any CPU
		{22275821-EDDE-48CB-B52E-656CC610DCEA}.Debug|Any CPU.Build.0 = Debug|Any CPU
		{22275821-EDDE-48CB-B52E-656CC610DCEA}.Release|Any CPU.ActiveCfg = Release|Any CPU
		{22275821-EDDE-48CB-B52E-656CC610DCEA}.Release|Any CPU.Build.0 = Release|Any CPU
		{0B72787A-374E-4684-993D-554AC4E30971}.Debug|Any CPU.ActiveCfg = Debug|Any CPU
		{0B72787A-374E-4684-993D-554AC4E30971}.Debug|Any CPU.Build.0 = Debug|Any CPU
		{0B72787A-374E-4684-993D-554AC4E30971}.Release|Any CPU.ActiveCfg = Release|Any CPU
		{0B72787A-374E-4684-993D-554AC4E30971}.Release|Any CPU.Build.0 = Release|Any CPU
		{66D67E77-9A4F-447B-9E45-95792B1DA781}.Debug|Any CPU.ActiveCfg = Debug|Any CPU
		{66D67E77-9A4F-447B-9E45-95792B1DA781}.Debug|Any CPU.Build.0 = Debug|Any CPU
		{66D67E77-9A4F-447B-9E45-95792B1DA781}.Release|Any CPU.ActiveCfg = Release|Any CPU
		{66D67E77-9A4F-447B-9E45-95792B1DA781}.Release|Any CPU.Build.0 = Release|Any CPU
		{C29CE972-DF9F-447A-ABFC-F143ADDA2ED1}.Debug|Any CPU.ActiveCfg = Debug|Any CPU
		{C29CE972-DF9F-447A-ABFC-F143ADDA2ED1}.Debug|Any CPU.Build.0 = Debug|Any CPU
		{C29CE972-DF9F-447A-ABFC-F143ADDA2ED1}.Release|Any CPU.ActiveCfg = Release|Any CPU
		{C29CE972-DF9F-447A-ABFC-F143ADDA2ED1}.Release|Any CPU.Build.0 = Release|Any CPU
		{34F13858-3466-40F0-AD55-43D49AD28DB6}.Debug|Any CPU.ActiveCfg = Debug|Any CPU
		{34F13858-3466-40F0-AD55-43D49AD28DB6}.Debug|Any CPU.Build.0 = Debug|Any CPU
		{34F13858-3466-40F0-AD55-43D49AD28DB6}.Release|Any CPU.ActiveCfg = Release|Any CPU
		{34F13858-3466-40F0-AD55-43D49AD28DB6}.Release|Any CPU.Build.0 = Release|Any CPU
		{F700D3E3-DC2F-4922-93EF-442C29B50871}.Debug|Any CPU.ActiveCfg = Debug|Any CPU
		{F700D3E3-DC2F-4922-93EF-442C29B50871}.Debug|Any CPU.Build.0 = Debug|Any CPU
		{F700D3E3-DC2F-4922-93EF-442C29B50871}.Release|Any CPU.ActiveCfg = Release|Any CPU
		{F700D3E3-DC2F-4922-93EF-442C29B50871}.Release|Any CPU.Build.0 = Release|Any CPU
		{136FFAA7-E5C6-4C97-B54F-6F7EA083688F}.Debug|Any CPU.ActiveCfg = Debug|Any CPU
		{136FFAA7-E5C6-4C97-B54F-6F7EA083688F}.Debug|Any CPU.Build.0 = Debug|Any CPU
		{136FFAA7-E5C6-4C97-B54F-6F7EA083688F}.Release|Any CPU.ActiveCfg = Release|Any CPU
		{136FFAA7-E5C6-4C97-B54F-6F7EA083688F}.Release|Any CPU.Build.0 = Release|Any CPU
		{C264D71D-8D68-44DF-BB89-5DF73B348DC4}.Debug|Any CPU.ActiveCfg = Debug|Any CPU
		{C264D71D-8D68-44DF-BB89-5DF73B348DC4}.Debug|Any CPU.Build.0 = Debug|Any CPU
		{C264D71D-8D68-44DF-BB89-5DF73B348DC4}.Release|Any CPU.ActiveCfg = Release|Any CPU
		{C264D71D-8D68-44DF-BB89-5DF73B348DC4}.Release|Any CPU.Build.0 = Release|Any CPU
		{064719BB-CB81-430B-AB53-A5DF8C2FBAF6}.Debug|Any CPU.ActiveCfg = Debug|Any CPU
		{064719BB-CB81-430B-AB53-A5DF8C2FBAF6}.Debug|Any CPU.Build.0 = Debug|Any CPU
		{064719BB-CB81-430B-AB53-A5DF8C2FBAF6}.Release|Any CPU.ActiveCfg = Release|Any CPU
		{064719BB-CB81-430B-AB53-A5DF8C2FBAF6}.Release|Any CPU.Build.0 = Release|Any CPU
		{2605FF0E-5B9F-403F-A8D1-6EBDE4D27AA0}.Debug|Any CPU.ActiveCfg = Debug|Any CPU
		{2605FF0E-5B9F-403F-A8D1-6EBDE4D27AA0}.Debug|Any CPU.Build.0 = Debug|Any CPU
		{2605FF0E-5B9F-403F-A8D1-6EBDE4D27AA0}.Release|Any CPU.ActiveCfg = Release|Any CPU
		{2605FF0E-5B9F-403F-A8D1-6EBDE4D27AA0}.Release|Any CPU.Build.0 = Release|Any CPU
		{06340838-D56E-4154-80C4-0E9C0452BDFF}.Debug|Any CPU.ActiveCfg = Debug|Any CPU
		{06340838-D56E-4154-80C4-0E9C0452BDFF}.Debug|Any CPU.Build.0 = Debug|Any CPU
		{06340838-D56E-4154-80C4-0E9C0452BDFF}.Release|Any CPU.ActiveCfg = Release|Any CPU
		{06340838-D56E-4154-80C4-0E9C0452BDFF}.Release|Any CPU.Build.0 = Release|Any CPU
		{B40D6597-9CF4-46DD-91A7-08BD5EF30C8C}.Debug|Any CPU.ActiveCfg = Debug|Any CPU
		{B40D6597-9CF4-46DD-91A7-08BD5EF30C8C}.Debug|Any CPU.Build.0 = Debug|Any CPU
		{B40D6597-9CF4-46DD-91A7-08BD5EF30C8C}.Release|Any CPU.ActiveCfg = Release|Any CPU
		{B40D6597-9CF4-46DD-91A7-08BD5EF30C8C}.Release|Any CPU.Build.0 = Release|Any CPU
		{39143788-38B7-46F1-94E9-F262F699FE35}.Debug|Any CPU.ActiveCfg = Debug|Any CPU
		{39143788-38B7-46F1-94E9-F262F699FE35}.Debug|Any CPU.Build.0 = Debug|Any CPU
		{39143788-38B7-46F1-94E9-F262F699FE35}.Release|Any CPU.ActiveCfg = Release|Any CPU
		{39143788-38B7-46F1-94E9-F262F699FE35}.Release|Any CPU.Build.0 = Release|Any CPU
		{B37C9A23-83FE-4102-9D61-C1B6FF37DEA1}.Debug|Any CPU.ActiveCfg = Debug|Any CPU
		{B37C9A23-83FE-4102-9D61-C1B6FF37DEA1}.Debug|Any CPU.Build.0 = Debug|Any CPU
		{B37C9A23-83FE-4102-9D61-C1B6FF37DEA1}.Release|Any CPU.ActiveCfg = Release|Any CPU
		{B37C9A23-83FE-4102-9D61-C1B6FF37DEA1}.Release|Any CPU.Build.0 = Release|Any CPU
		{3475ED81-030D-4597-A1DA-6DA6AF444545}.Debug|Any CPU.ActiveCfg = Debug|Any CPU
		{3475ED81-030D-4597-A1DA-6DA6AF444545}.Debug|Any CPU.Build.0 = Debug|Any CPU
		{3475ED81-030D-4597-A1DA-6DA6AF444545}.Release|Any CPU.ActiveCfg = Release|Any CPU
		{3475ED81-030D-4597-A1DA-6DA6AF444545}.Release|Any CPU.Build.0 = Release|Any CPU
		{0F72CE3D-1A45-4281-955F-CF7692A28493}.Debug|Any CPU.ActiveCfg = Debug|Any CPU
		{0F72CE3D-1A45-4281-955F-CF7692A28493}.Debug|Any CPU.Build.0 = Debug|Any CPU
		{0F72CE3D-1A45-4281-955F-CF7692A28493}.Release|Any CPU.ActiveCfg = Release|Any CPU
		{0F72CE3D-1A45-4281-955F-CF7692A28493}.Release|Any CPU.Build.0 = Release|Any CPU
		{D49C8F7A-23F0-4365-9DA6-F4EF49FCFBB4}.Debug|Any CPU.ActiveCfg = Debug|Any CPU
		{D49C8F7A-23F0-4365-9DA6-F4EF49FCFBB4}.Debug|Any CPU.Build.0 = Debug|Any CPU
		{D49C8F7A-23F0-4365-9DA6-F4EF49FCFBB4}.Release|Any CPU.ActiveCfg = Release|Any CPU
		{D49C8F7A-23F0-4365-9DA6-F4EF49FCFBB4}.Release|Any CPU.Build.0 = Release|Any CPU
		{EC6C4963-DACB-494A-B986-5FA6E7930436}.Debug|Any CPU.ActiveCfg = Debug|Any CPU
		{EC6C4963-DACB-494A-B986-5FA6E7930436}.Debug|Any CPU.Build.0 = Debug|Any CPU
		{EC6C4963-DACB-494A-B986-5FA6E7930436}.Release|Any CPU.ActiveCfg = Release|Any CPU
		{EC6C4963-DACB-494A-B986-5FA6E7930436}.Release|Any CPU.Build.0 = Release|Any CPU
		{CDB4161F-CC5B-4732-845A-EB9555CB1D08}.Debug|Any CPU.ActiveCfg = Debug|Any CPU
		{CDB4161F-CC5B-4732-845A-EB9555CB1D08}.Debug|Any CPU.Build.0 = Debug|Any CPU
		{CDB4161F-CC5B-4732-845A-EB9555CB1D08}.Release|Any CPU.ActiveCfg = Release|Any CPU
		{CDB4161F-CC5B-4732-845A-EB9555CB1D08}.Release|Any CPU.Build.0 = Release|Any CPU
		{93C7ED6D-6211-4711-9AE0-BADA5F252C1B}.Debug|Any CPU.ActiveCfg = Debug|Any CPU
		{93C7ED6D-6211-4711-9AE0-BADA5F252C1B}.Debug|Any CPU.Build.0 = Debug|Any CPU
		{93C7ED6D-6211-4711-9AE0-BADA5F252C1B}.Release|Any CPU.ActiveCfg = Release|Any CPU
		{93C7ED6D-6211-4711-9AE0-BADA5F252C1B}.Release|Any CPU.Build.0 = Release|Any CPU
		{4993806B-5FD3-4737-A269-6ADB75DDDF87}.Debug|Any CPU.ActiveCfg = Debug|Any CPU
		{4993806B-5FD3-4737-A269-6ADB75DDDF87}.Debug|Any CPU.Build.0 = Debug|Any CPU
		{4993806B-5FD3-4737-A269-6ADB75DDDF87}.Release|Any CPU.ActiveCfg = Release|Any CPU
		{4993806B-5FD3-4737-A269-6ADB75DDDF87}.Release|Any CPU.Build.0 = Release|Any CPU
		{B0A592DC-217C-4A5C-AE65-5499B6FA8C10}.Debug|Any CPU.ActiveCfg = Debug|Any CPU
		{B0A592DC-217C-4A5C-AE65-5499B6FA8C10}.Debug|Any CPU.Build.0 = Debug|Any CPU
		{B0A592DC-217C-4A5C-AE65-5499B6FA8C10}.Release|Any CPU.ActiveCfg = Release|Any CPU
		{B0A592DC-217C-4A5C-AE65-5499B6FA8C10}.Release|Any CPU.Build.0 = Release|Any CPU
		{C4570517-0A64-488C-ACB2-F58E51EF2846}.Debug|Any CPU.ActiveCfg = Debug|Any CPU
		{C4570517-0A64-488C-ACB2-F58E51EF2846}.Debug|Any CPU.Build.0 = Debug|Any CPU
		{C4570517-0A64-488C-ACB2-F58E51EF2846}.Release|Any CPU.ActiveCfg = Release|Any CPU
		{C4570517-0A64-488C-ACB2-F58E51EF2846}.Release|Any CPU.Build.0 = Release|Any CPU
	EndGlobalSection
	GlobalSection(SolutionProperties) = preSolution
		HideSolutionNode = FALSE
	EndGlobalSection
	GlobalSection(NestedProjects) = preSolution
		{2BB4AAB8-CC40-489B-82BB-E0AFAB781CB2} = {12F7612C-E795-4A94-92B5-E9D18D0C3173}
		{22275821-EDDE-48CB-B52E-656CC610DCEA} = {12F7612C-E795-4A94-92B5-E9D18D0C3173}
		{0B72787A-374E-4684-993D-554AC4E30971} = {12F7612C-E795-4A94-92B5-E9D18D0C3173}
		{66D67E77-9A4F-447B-9E45-95792B1DA781} = {511EDCB1-0DAF-4710-BB8C-0ECD5546ABC2}
		{C29CE972-DF9F-447A-ABFC-F143ADDA2ED1} = {511EDCB1-0DAF-4710-BB8C-0ECD5546ABC2}
		{34F13858-3466-40F0-AD55-43D49AD28DB6} = {511EDCB1-0DAF-4710-BB8C-0ECD5546ABC2}
		{F700D3E3-DC2F-4922-93EF-442C29B50871} = {77B6E277-6195-403B-844B-096C1AB55C95}
		{136FFAA7-E5C6-4C97-B54F-6F7EA083688F} = {77B6E277-6195-403B-844B-096C1AB55C95}
		{C264D71D-8D68-44DF-BB89-5DF73B348DC4} = {77B6E277-6195-403B-844B-096C1AB55C95}
		{064719BB-CB81-430B-AB53-A5DF8C2FBAF6} = {CB5586ED-8F25-485E-A78A-3F871E169174}
		{2605FF0E-5B9F-403F-A8D1-6EBDE4D27AA0} = {CB5586ED-8F25-485E-A78A-3F871E169174}
		{06340838-D56E-4154-80C4-0E9C0452BDFF} = {CB5586ED-8F25-485E-A78A-3F871E169174}
		{B40D6597-9CF4-46DD-91A7-08BD5EF30C8C} = {A143BCE3-CF33-4255-BF7E-523EBC3555D0}
		{39143788-38B7-46F1-94E9-F262F699FE35} = {A143BCE3-CF33-4255-BF7E-523EBC3555D0}
		{B37C9A23-83FE-4102-9D61-C1B6FF37DEA1} = {A143BCE3-CF33-4255-BF7E-523EBC3555D0}
		{3475ED81-030D-4597-A1DA-6DA6AF444545} = {CE090C41-E5FE-4D8F-8211-34F9F7AF2133}
		{0F72CE3D-1A45-4281-955F-CF7692A28493} = {CE090C41-E5FE-4D8F-8211-34F9F7AF2133}
		{D49C8F7A-23F0-4365-9DA6-F4EF49FCFBB4} = {CE090C41-E5FE-4D8F-8211-34F9F7AF2133}
		{EC6C4963-DACB-494A-B986-5FA6E7930436} = {09DABE6B-7084-42C6-B6DF-A5C22E189303}
		{CDB4161F-CC5B-4732-845A-EB9555CB1D08} = {09DABE6B-7084-42C6-B6DF-A5C22E189303}
		{93C7ED6D-6211-4711-9AE0-BADA5F252C1B} = {09DABE6B-7084-42C6-B6DF-A5C22E189303}
		{4993806B-5FD3-4737-A269-6ADB75DDDF87} = {20A18FEA-EDDA-465F-A1E9-4508EB1B9ED7}
		{B0A592DC-217C-4A5C-AE65-5499B6FA8C10} = {20A18FEA-EDDA-465F-A1E9-4508EB1B9ED7}
		{C4570517-0A64-488C-ACB2-F58E51EF2846} = {20A18FEA-EDDA-465F-A1E9-4508EB1B9ED7}
	EndGlobalSection
	GlobalSection(ExtensibilityGlobals) = postSolution
		SolutionGuid = {47CFA6D5-31EC-4769-89FF-D81D323BECA9}
	EndGlobalSection
EndGlobal
